
Microsoft Visual Studio Solution File, Format Version 12.00
# Visual Studio Version 16
VisualStudioVersion = 16.0.29306.81
MinimumVisualStudioVersion = 10.0.40219.1
Project("{FAE04EC0-301F-11D3-BF4B-00C04F79EFBC}") = "Graph", "Graph.csproj", "{18FF8A66-0C96-40B5-8538-9236185AD164}"
EndProject
Global
	GlobalSection(SolutionConfigurationPlatforms) = preSolution
		Debug|Any CPU = Debug|Any CPU
		Release|Any CPU = Release|Any CPU
	EndGlobalSection
	GlobalSection(ProjectConfigurationPlatforms) = postSolution
		{18FF8A66-0C96-40B5-8538-9236185AD164}.Debug|Any CPU.ActiveCfg = Debug|Any CPU
		{18FF8A66-0C96-40B5-8538-9236185AD164}.Debug|Any CPU.Build.0 = Debug|Any CPU
		{18FF8A66-0C96-40B5-8538-9236185AD164}.Release|Any CPU.ActiveCfg = Release|Any CPU
		{18FF8A66-0C96-40B5-8538-9236185AD164}.Release|Any CPU.Build.0 = Release|Any CPU
	EndGlobalSection
	GlobalSection(SolutionProperties) = preSolution
		HideSolutionNode = FALSE
	EndGlobalSection
	GlobalSection(ExtensibilityGlobals) = postSolution
		SolutionGuid = {6A8A0D82-9563-47DB-84E8-C8ADF278E8EE}
	EndGlobalSection
EndGlobal
